// !$*UTF8*$!
{
	archiveVersion = 1;
	classes = {
	};
	objectVersion = 46;
	objects = {

/* Begin PBXBuildFile section */
		3F08EC3A218B352000A314C3 /* PerguntasController.swift in Sources */ = {isa = PBXBuildFile; fileRef = 3F08EC39218B352000A314C3 /* PerguntasController.swift */; };
		3F08EC3E21904EB500A314C3 /* NivelController.swift in Sources */ = {isa = PBXBuildFile; fileRef = 3F08EC3D21904EB500A314C3 /* NivelController.swift */; };
		3F08EC4021904EE000A314C3 /* MaterialController.swift in Sources */ = {isa = PBXBuildFile; fileRef = 3F08EC3F21904EE000A314C3 /* MaterialController.swift */; };
		3F08EC4221904F2300A314C3 /* DesafioController.swift in Sources */ = {isa = PBXBuildFile; fileRef = 3F08EC4121904F2300A314C3 /* DesafioController.swift */; };
		3F08EC442190548800A314C3 /* TableViewCell.swift in Sources */ = {isa = PBXBuildFile; fileRef = 3F08EC432190548800A314C3 /* TableViewCell.swift */; };
		3F08EC4621905F1C00A314C3 /* Pergunta.swift in Sources */ = {isa = PBXBuildFile; fileRef = 3F08EC4521905F1C00A314C3 /* Pergunta.swift */; };
		3F08EC48219066C400A314C3 /* Resposta.swift in Sources */ = {isa = PBXBuildFile; fileRef = 3F08EC47219066C400A314C3 /* Resposta.swift */; };
		3F6A96F22191B8E30042BC68 /* OpcoesDAO.swift in Sources */ = {isa = PBXBuildFile; fileRef = 3F6A96F12191B8E30042BC68 /* OpcoesDAO.swift */; };
		3F6A96F42191C6090042BC68 /* OpcaoTableViewCell.swift in Sources */ = {isa = PBXBuildFile; fileRef = 3F6A96F32191C6090042BC68 /* OpcaoTableViewCell.swift */; };
		3F75492621905E3A00E4A9E6 /* TrilhasDAO.swift in Sources */ = {isa = PBXBuildFile; fileRef = 3F75492521905E3A00E4A9E6 /* TrilhasDAO.swift */; };
		3FB8DBA4218B1D770018145A /* AppDelegate.swift in Sources */ = {isa = PBXBuildFile; fileRef = 3FB8DBA3218B1D770018145A /* AppDelegate.swift */; };
		3FB8DBA6218B1D770018145A /* MapController.swift in Sources */ = {isa = PBXBuildFile; fileRef = 3FB8DBA5218B1D770018145A /* MapController.swift */; };
		3FB8DBA9218B1D770018145A /* Trilhas.storyboard in Resources */ = {isa = PBXBuildFile; fileRef = 3FB8DBA7218B1D770018145A /* Trilhas.storyboard */; };
		3FB8DBAC218B1D770018145A /* LifeChallenger.xcdatamodeld in Sources */ = {isa = PBXBuildFile; fileRef = 3FB8DBAA218B1D770018145A /* LifeChallenger.xcdatamodeld */; };
		3FB8DBAE218B1D770018145A /* Assets.xcassets in Resources */ = {isa = PBXBuildFile; fileRef = 3FB8DBAD218B1D770018145A /* Assets.xcassets */; };
		3FB8DBB1218B1D770018145A /* LaunchScreen.storyboard in Resources */ = {isa = PBXBuildFile; fileRef = 3FB8DBAF218B1D770018145A /* LaunchScreen.storyboard */; };
		3FB8DBB9218B1FF00018145A /* Login.storyboard in Resources */ = {isa = PBXBuildFile; fileRef = 3FB8DBB8218B1FF00018145A /* Login.storyboard */; };
		3FB8DBBB218B26550018145A /* Funcionalidade.storyboard in Resources */ = {isa = PBXBuildFile; fileRef = 3FB8DBBA218B26550018145A /* Funcionalidade.storyboard */; };
		3FB8DBBD218B26620018145A /* Perfil.storyboard in Resources */ = {isa = PBXBuildFile; fileRef = 3FB8DBBC218B26620018145A /* Perfil.storyboard */; };
		3FB8DBC3218B32EF0018145A /* TrilhasViewController.swift in Sources */ = {isa = PBXBuildFile; fileRef = 3FB8DBC2218B32EF0018145A /* TrilhasViewController.swift */; };
		3FB8DBC5218B33AF0018145A /* TrilhasTableViewCell.swift in Sources */ = {isa = PBXBuildFile; fileRef = 3FB8DBC4218B33AF0018145A /* TrilhasTableViewCell.swift */; };
		3FB8DBC7218B3C520018145A /* OpcoesViewController.swift in Sources */ = {isa = PBXBuildFile; fileRef = 3FB8DBC6218B3C520018145A /* OpcoesViewController.swift */; };
		3FEC86BF2191A61900717ECF /* PerguntasDAO.swift in Sources */ = {isa = PBXBuildFile; fileRef = 3FEC86BE2191A61900717ECF /* PerguntasDAO.swift */; };
		3FEC86C12191B65A00717ECF /* Desafios.swift in Sources */ = {isa = PBXBuildFile; fileRef = 3FEC86C02191B65A00717ECF /* Desafios.swift */; };
		3FEC86C52191C15D00717ECF /* Cronograma.swift in Sources */ = {isa = PBXBuildFile; fileRef = 3FEC86C42191C15D00717ECF /* Cronograma.swift */; };
		3FEC86CF2192FCA900717ECF /* MapLocation.swift in Sources */ = {isa = PBXBuildFile; fileRef = 3FEC86CE2192FCA900717ECF /* MapLocation.swift */; };
		F92196B021907B1E00B9F361 /* PerguntasService.swift in Sources */ = {isa = PBXBuildFile; fileRef = F92196AF21907B1E00B9F361 /* PerguntasService.swift */; };
		F92196B221907CDD00B9F361 /* NiveisService.swift in Sources */ = {isa = PBXBuildFile; fileRef = F92196B121907CDD00B9F361 /* NiveisService.swift */; };
/* End PBXBuildFile section */

/* Begin PBXFileReference section */
		3F08EC39218B352000A314C3 /* PerguntasController.swift */ = {isa = PBXFileReference; fileEncoding = 4; lastKnownFileType = sourcecode.swift; path = PerguntasController.swift; sourceTree = "<group>"; };
		3F08EC3D21904EB500A314C3 /* NivelController.swift */ = {isa = PBXFileReference; fileEncoding = 4; lastKnownFileType = sourcecode.swift; path = NivelController.swift; sourceTree = "<group>"; };
		3F08EC3F21904EE000A314C3 /* MaterialController.swift */ = {isa = PBXFileReference; fileEncoding = 4; lastKnownFileType = sourcecode.swift; path = MaterialController.swift; sourceTree = "<group>"; };
		3F08EC4121904F2300A314C3 /* DesafioController.swift */ = {isa = PBXFileReference; fileEncoding = 4; lastKnownFileType = sourcecode.swift; path = DesafioController.swift; sourceTree = "<group>"; };
		3F08EC432190548800A314C3 /* TableViewCell.swift */ = {isa = PBXFileReference; fileEncoding = 4; lastKnownFileType = sourcecode.swift; path = TableViewCell.swift; sourceTree = "<group>"; };
		3F08EC4521905F1C00A314C3 /* Pergunta.swift */ = {isa = PBXFileReference; fileEncoding = 4; lastKnownFileType = sourcecode.swift; path = Pergunta.swift; sourceTree = "<group>"; };
		3F08EC47219066C400A314C3 /* Resposta.swift */ = {isa = PBXFileReference; fileEncoding = 4; lastKnownFileType = sourcecode.swift; path = Resposta.swift; sourceTree = "<group>"; };
		3F6A96F12191B8E30042BC68 /* OpcoesDAO.swift */ = {isa = PBXFileReference; fileEncoding = 4; lastKnownFileType = sourcecode.swift; path = OpcoesDAO.swift; sourceTree = "<group>"; };
		3F6A96F32191C6090042BC68 /* OpcaoTableViewCell.swift */ = {isa = PBXFileReference; fileEncoding = 4; lastKnownFileType = sourcecode.swift; path = OpcaoTableViewCell.swift; sourceTree = "<group>"; };
		3F75492521905E3A00E4A9E6 /* TrilhasDAO.swift */ = {isa = PBXFileReference; fileEncoding = 4; lastKnownFileType = sourcecode.swift; name = TrilhasDAO.swift; path = ../TrilhasDAO.swift; sourceTree = "<group>"; };
		3FB8DBA0218B1D770018145A /* LifeChallenger.app */ = {isa = PBXFileReference; explicitFileType = wrapper.application; includeInIndex = 0; path = LifeChallenger.app; sourceTree = BUILT_PRODUCTS_DIR; };
		3FB8DBA3218B1D770018145A /* AppDelegate.swift */ = {isa = PBXFileReference; lastKnownFileType = sourcecode.swift; path = AppDelegate.swift; sourceTree = "<group>"; };
		3FB8DBA5218B1D770018145A /* MapController.swift */ = {isa = PBXFileReference; lastKnownFileType = sourcecode.swift; path = MapController.swift; sourceTree = "<group>"; };
		3FB8DBA8218B1D770018145A /* Base */ = {isa = PBXFileReference; lastKnownFileType = file.storyboard; name = Base; path = Base.lproj/Trilhas.storyboard; sourceTree = "<group>"; };
		3FB8DBAB218B1D770018145A /* LifeChallenger.xcdatamodel */ = {isa = PBXFileReference; lastKnownFileType = wrapper.xcdatamodel; path = LifeChallenger.xcdatamodel; sourceTree = "<group>"; };
		3FB8DBAD218B1D770018145A /* Assets.xcassets */ = {isa = PBXFileReference; lastKnownFileType = folder.assetcatalog; path = Assets.xcassets; sourceTree = "<group>"; };
		3FB8DBB0218B1D770018145A /* Base */ = {isa = PBXFileReference; lastKnownFileType = file.storyboard; name = Base; path = Base.lproj/LaunchScreen.storyboard; sourceTree = "<group>"; };
		3FB8DBB2218B1D770018145A /* Info.plist */ = {isa = PBXFileReference; lastKnownFileType = text.plist.xml; path = Info.plist; sourceTree = "<group>"; };
		3FB8DBB8218B1FF00018145A /* Login.storyboard */ = {isa = PBXFileReference; fileEncoding = 4; lastKnownFileType = file.storyboard; path = Login.storyboard; sourceTree = "<group>"; };
		3FB8DBBA218B26550018145A /* Funcionalidade.storyboard */ = {isa = PBXFileReference; fileEncoding = 4; lastKnownFileType = file.storyboard; path = Funcionalidade.storyboard; sourceTree = "<group>"; };
		3FB8DBBC218B26620018145A /* Perfil.storyboard */ = {isa = PBXFileReference; fileEncoding = 4; lastKnownFileType = file.storyboard; path = Perfil.storyboard; sourceTree = "<group>"; };
		3FB8DBC2218B32EF0018145A /* TrilhasViewController.swift */ = {isa = PBXFileReference; fileEncoding = 4; lastKnownFileType = sourcecode.swift; path = TrilhasViewController.swift; sourceTree = "<group>"; };
		3FB8DBC4218B33AF0018145A /* TrilhasTableViewCell.swift */ = {isa = PBXFileReference; fileEncoding = 4; lastKnownFileType = sourcecode.swift; path = TrilhasTableViewCell.swift; sourceTree = "<group>"; };
		3FB8DBC6218B3C520018145A /* OpcoesViewController.swift */ = {isa = PBXFileReference; fileEncoding = 4; lastKnownFileType = sourcecode.swift; path = OpcoesViewController.swift; sourceTree = "<group>"; };
		3FEC86BE2191A61900717ECF /* PerguntasDAO.swift */ = {isa = PBXFileReference; fileEncoding = 4; lastKnownFileType = sourcecode.swift; name = PerguntasDAO.swift; path = ../Niveis/PerguntasDAO.swift; sourceTree = "<group>"; };
		3FEC86C02191B65A00717ECF /* Desafios.swift */ = {isa = PBXFileReference; fileEncoding = 4; lastKnownFileType = sourcecode.swift; path = Desafios.swift; sourceTree = "<group>"; };
		3FEC86C42191C15D00717ECF /* Cronograma.swift */ = {isa = PBXFileReference; fileEncoding = 4; lastKnownFileType = sourcecode.swift; path = Cronograma.swift; sourceTree = "<group>"; };
		3FEC86CE2192FCA900717ECF /* MapLocation.swift */ = {isa = PBXFileReference; fileEncoding = 4; lastKnownFileType = sourcecode.swift; path = MapLocation.swift; sourceTree = "<group>"; };
		F92196AF21907B1E00B9F361 /* PerguntasService.swift */ = {isa = PBXFileReference; lastKnownFileType = sourcecode.swift; path = PerguntasService.swift; sourceTree = "<group>"; };
		F92196B121907CDD00B9F361 /* NiveisService.swift */ = {isa = PBXFileReference; lastKnownFileType = sourcecode.swift; path = NiveisService.swift; sourceTree = "<group>"; };
/* End PBXFileReference section */

/* Begin PBXFrameworksBuildPhase section */
		3FB8DB9D218B1D770018145A /* Frameworks */ = {
			isa = PBXFrameworksBuildPhase;
			buildActionMask = 2147483647;
			files = (
			);
			runOnlyForDeploymentPostprocessing = 0;
		};
/* End PBXFrameworksBuildPhase section */

/* Begin PBXGroup section */
		3FB8DB97218B1D770018145A = {
			isa = PBXGroup;
			children = (
				3FB8DBA2218B1D770018145A /* LifeChallenger */,
				3FB8DBA1218B1D770018145A /* Products */,
			);
			sourceTree = "<group>";
		};
		3FB8DBA1218B1D770018145A /* Products */ = {
			isa = PBXGroup;
			children = (
				3FB8DBA0218B1D770018145A /* LifeChallenger.app */,
			);
			name = Products;
			sourceTree = "<group>";
		};
		3FB8DBA2218B1D770018145A /* LifeChallenger */ = {
			isa = PBXGroup;
			children = (
				3FEC86C32191BECB00717ECF /* desafio */,
				3FEC86C22191BB1D00717ECF /* Material */,
				F9F877312190783900D72EB4 /* Niveis */,
				F9F87730219077D700D72EB4 /* Perguntas */,
				3F75492521905E3A00E4A9E6 /* TrilhasDAO.swift */,
				3FB8DBA3218B1D770018145A /* AppDelegate.swift */,
				3FB8DBA5218B1D770018145A /* MapController.swift */,
				3FEC86CE2192FCA900717ECF /* MapLocation.swift */,
				3FB8DBA7218B1D770018145A /* Trilhas.storyboard */,
				3F6A96F32191C6090042BC68 /* OpcaoTableViewCell.swift */,
				3F6A96F12191B8E30042BC68 /* OpcoesDAO.swift */,
				3FB8DBC6218B3C520018145A /* OpcoesViewController.swift */,
				3FB8DBC4218B33AF0018145A /* TrilhasTableViewCell.swift */,
				3FB8DBC2218B32EF0018145A /* TrilhasViewController.swift */,
				3FB8DBBA218B26550018145A /* Funcionalidade.storyboard */,
				3FEC86C42191C15D00717ECF /* Cronograma.swift */,
				3F08EC432190548800A314C3 /* TableViewCell.swift */,
				3FB8DBBC218B26620018145A /* Perfil.storyboard */,
				3FB8DBB8218B1FF00018145A /* Login.storyboard */,
				3FB8DBAD218B1D770018145A /* Assets.xcassets */,
				3FB8DBAF218B1D770018145A /* LaunchScreen.storyboard */,
				3FB8DBB2218B1D770018145A /* Info.plist */,
				3FB8DBAA218B1D770018145A /* LifeChallenger.xcdatamodeld */,
			);
			path = LifeChallenger;
			sourceTree = "<group>";
		};
		3FEC86C22191BB1D00717ECF /* Material */ = {
			isa = PBXGroup;
			children = (
				3F08EC3F21904EE000A314C3 /* MaterialController.swift */,
			);
			name = Material;
			sourceTree = "<group>";
		};
		3FEC86C32191BECB00717ECF /* desafio */ = {
			isa = PBXGroup;
			children = (
				3F08EC4121904F2300A314C3 /* DesafioController.swift */,
			);
			name = desafio;
			sourceTree = "<group>";
		};
		F9F87730219077D700D72EB4 /* Perguntas */ = {
			isa = PBXGroup;
			children = (
				3FEC86BE2191A61900717ECF /* PerguntasDAO.swift */,
				3F08EC39218B352000A314C3 /* PerguntasController.swift */,
				3F08EC47219066C400A314C3 /* Resposta.swift */,
				3F08EC4521905F1C00A314C3 /* Pergunta.swift */,
				F92196AF21907B1E00B9F361 /* PerguntasService.swift */,
			);
			path = Perguntas;
			sourceTree = "<group>";
		};
		F9F877312190783900D72EB4 /* Niveis */ = {
			isa = PBXGroup;
			children = (
				3F08EC3D21904EB500A314C3 /* NivelController.swift */,
				3FEC86C02191B65A00717ECF /* Desafios.swift */,
				F92196B121907CDD00B9F361 /* NiveisService.swift */,
			);
			path = Niveis;
			sourceTree = "<group>";
		};
/* End PBXGroup section */

/* Begin PBXNativeTarget section */
		3FB8DB9F218B1D770018145A /* LifeChallenger */ = {
			isa = PBXNativeTarget;
			buildConfigurationList = 3FB8DBB5218B1D770018145A /* Build configuration list for PBXNativeTarget "LifeChallenger" */;
			buildPhases = (
				3FB8DB9C218B1D770018145A /* Sources */,
				3FB8DB9D218B1D770018145A /* Frameworks */,
				3FB8DB9E218B1D770018145A /* Resources */,
			);
			buildRules = (
			);
			dependencies = (
			);
			name = LifeChallenger;
			productName = LifeChallenger;
			productReference = 3FB8DBA0218B1D770018145A /* LifeChallenger.app */;
			productType = "com.apple.product-type.application";
		};
/* End PBXNativeTarget section */

/* Begin PBXProject section */
		3FB8DB98218B1D770018145A /* Project object */ = {
			isa = PBXProject;
			attributes = {
				LastSwiftUpdateCheck = 0830;
				LastUpgradeCheck = 0830;
				ORGANIZATIONNAME = student;
				TargetAttributes = {
					3FB8DB9F218B1D770018145A = {
						CreatedOnToolsVersion = 8.3.3;
						ProvisioningStyle = Automatic;
					};
				};
			};
			buildConfigurationList = 3FB8DB9B218B1D770018145A /* Build configuration list for PBXProject "LifeChallenger" */;
			compatibilityVersion = "Xcode 3.2";
			developmentRegion = English;
			hasScannedForEncodings = 0;
			knownRegions = (
				en,
				Base,
			);
			mainGroup = 3FB8DB97218B1D770018145A;
			productRefGroup = 3FB8DBA1218B1D770018145A /* Products */;
			projectDirPath = "";
			projectRoot = "";
			targets = (
				3FB8DB9F218B1D770018145A /* LifeChallenger */,
			);
		};
/* End PBXProject section */

/* Begin PBXResourcesBuildPhase section */
		3FB8DB9E218B1D770018145A /* Resources */ = {
			isa = PBXResourcesBuildPhase;
			buildActionMask = 2147483647;
			files = (
				3FB8DBBB218B26550018145A /* Funcionalidade.storyboard in Resources */,
				3FB8DBB9218B1FF00018145A /* Login.storyboard in Resources */,
				3FB8DBB1218B1D770018145A /* LaunchScreen.storyboard in Resources */,
				3FB8DBAE218B1D770018145A /* Assets.xcassets in Resources */,
				3FB8DBBD218B26620018145A /* Perfil.storyboard in Resources */,
				3FB8DBA9218B1D770018145A /* Trilhas.storyboard in Resources */,
			);
			runOnlyForDeploymentPostprocessing = 0;
		};
/* End PBXResourcesBuildPhase section */

/* Begin PBXSourcesBuildPhase section */
		3FB8DB9C218B1D770018145A /* Sources */ = {
			isa = PBXSourcesBuildPhase;
			buildActionMask = 2147483647;
			files = (
				F92196B021907B1E00B9F361 /* PerguntasService.swift in Sources */,
				F92196B221907CDD00B9F361 /* NiveisService.swift in Sources */,
				3F08EC48219066C400A314C3 /* Resposta.swift in Sources */,
				3FB8DBAC218B1D770018145A /* LifeChallenger.xcdatamodeld in Sources */,
				3F08EC442190548800A314C3 /* TableViewCell.swift in Sources */,
				3FEC86C12191B65A00717ECF /* Desafios.swift in Sources */,
				3F08EC3A218B352000A314C3 /* PerguntasController.swift in Sources */,
				3F08EC3E21904EB500A314C3 /* NivelController.swift in Sources */,
				3FB8DBA6218B1D770018145A /* MapController.swift in Sources */,
				3FEC86CF2192FCA900717ECF /* MapLocation.swift in Sources */,
				3F08EC4021904EE000A314C3 /* MaterialController.swift in Sources */,
				3FB8DBA4218B1D770018145A /* AppDelegate.swift in Sources */,
				3FEC86C52191C15D00717ECF /* Cronograma.swift in Sources */,
				3FEC86BF2191A61900717ECF /* PerguntasDAO.swift in Sources */,
				3F08EC4621905F1C00A314C3 /* Pergunta.swift in Sources */,
				3F08EC4221904F2300A314C3 /* DesafioController.swift in Sources */,
				3F75492621905E3A00E4A9E6 /* TrilhasDAO.swift in Sources */,
				3FB8DBC3218B32EF0018145A /* TrilhasViewController.swift in Sources */,
				3FB8DBC7218B3C520018145A /* OpcoesViewController.swift in Sources */,
				3FB8DBAC218B1D770018145A /* LifeChallenger.xcdatamodeld in Sources */,
				3F6A96F42191C6090042BC68 /* OpcaoTableViewCell.swift in Sources */,				
				3FB8DBC5218B33AF0018145A /* TrilhasTableViewCell.swift in Sources */,
				3F6A96F22191B8E30042BC68 /* OpcoesDAO.swift in Sources */,
			);
			runOnlyForDeploymentPostprocessing = 0;
		};
/* End PBXSourcesBuildPhase section */

/* Begin PBXVariantGroup section */
		3FB8DBA7218B1D770018145A /* Trilhas.storyboard */ = {
			isa = PBXVariantGroup;
			children = (
				3FB8DBA8218B1D770018145A /* Base */,
			);
			name = Trilhas.storyboard;
			sourceTree = "<group>";
		};
		3FB8DBAF218B1D770018145A /* LaunchScreen.storyboard */ = {
			isa = PBXVariantGroup;
			children = (
				3FB8DBB0218B1D770018145A /* Base */,
			);
			name = LaunchScreen.storyboard;
			sourceTree = "<group>";
		};
/* End PBXVariantGroup section */

/* Begin XCBuildConfiguration section */
		3FB8DBB3218B1D770018145A /* Debug */ = {
			isa = XCBuildConfiguration;
			buildSettings = {
				ALWAYS_SEARCH_USER_PATHS = NO;
				CLANG_ANALYZER_NONNULL = YES;
				CLANG_ANALYZER_NUMBER_OBJECT_CONVERSION = YES_AGGRESSIVE;
				CLANG_CXX_LANGUAGE_STANDARD = "gnu++0x";
				CLANG_CXX_LIBRARY = "libc++";
				CLANG_ENABLE_MODULES = YES;
				CLANG_ENABLE_OBJC_ARC = YES;
				CLANG_WARN_BOOL_CONVERSION = YES;
				CLANG_WARN_CONSTANT_CONVERSION = YES;
				CLANG_WARN_DIRECT_OBJC_ISA_USAGE = YES_ERROR;
				CLANG_WARN_DOCUMENTATION_COMMENTS = YES;
				CLANG_WARN_EMPTY_BODY = YES;
				CLANG_WARN_ENUM_CONVERSION = YES;
				CLANG_WARN_INFINITE_RECURSION = YES;
				CLANG_WARN_INT_CONVERSION = YES;
				CLANG_WARN_OBJC_ROOT_CLASS = YES_ERROR;
				CLANG_WARN_SUSPICIOUS_MOVE = YES;
				CLANG_WARN_UNREACHABLE_CODE = YES;
				CLANG_WARN__DUPLICATE_METHOD_MATCH = YES;
				"CODE_SIGN_IDENTITY[sdk=iphoneos*]" = "iPhone Developer";
				COPY_PHASE_STRIP = NO;
				DEBUG_INFORMATION_FORMAT = dwarf;
				ENABLE_STRICT_OBJC_MSGSEND = YES;
				ENABLE_TESTABILITY = YES;
				GCC_C_LANGUAGE_STANDARD = gnu99;
				GCC_DYNAMIC_NO_PIC = NO;
				GCC_NO_COMMON_BLOCKS = YES;
				GCC_OPTIMIZATION_LEVEL = 0;
				GCC_PREPROCESSOR_DEFINITIONS = (
					"DEBUG=1",
					"$(inherited)",
				);
				GCC_WARN_64_TO_32_BIT_CONVERSION = YES;
				GCC_WARN_ABOUT_RETURN_TYPE = YES_ERROR;
				GCC_WARN_UNDECLARED_SELECTOR = YES;
				GCC_WARN_UNINITIALIZED_AUTOS = YES_AGGRESSIVE;
				GCC_WARN_UNUSED_FUNCTION = YES;
				GCC_WARN_UNUSED_VARIABLE = YES;
				IPHONEOS_DEPLOYMENT_TARGET = 10.3;
				MTL_ENABLE_DEBUG_INFO = YES;
				ONLY_ACTIVE_ARCH = YES;
				SDKROOT = iphoneos;
				SWIFT_ACTIVE_COMPILATION_CONDITIONS = DEBUG;
				SWIFT_OPTIMIZATION_LEVEL = "-Onone";
				TARGETED_DEVICE_FAMILY = "1,2";
			};
			name = Debug;
		};
		3FB8DBB4218B1D770018145A /* Release */ = {
			isa = XCBuildConfiguration;
			buildSettings = {
				ALWAYS_SEARCH_USER_PATHS = NO;
				CLANG_ANALYZER_NONNULL = YES;
				CLANG_ANALYZER_NUMBER_OBJECT_CONVERSION = YES_AGGRESSIVE;
				CLANG_CXX_LANGUAGE_STANDARD = "gnu++0x";
				CLANG_CXX_LIBRARY = "libc++";
				CLANG_ENABLE_MODULES = YES;
				CLANG_ENABLE_OBJC_ARC = YES;
				CLANG_WARN_BOOL_CONVERSION = YES;
				CLANG_WARN_CONSTANT_CONVERSION = YES;
				CLANG_WARN_DIRECT_OBJC_ISA_USAGE = YES_ERROR;
				CLANG_WARN_DOCUMENTATION_COMMENTS = YES;
				CLANG_WARN_EMPTY_BODY = YES;
				CLANG_WARN_ENUM_CONVERSION = YES;
				CLANG_WARN_INFINITE_RECURSION = YES;
				CLANG_WARN_INT_CONVERSION = YES;
				CLANG_WARN_OBJC_ROOT_CLASS = YES_ERROR;
				CLANG_WARN_SUSPICIOUS_MOVE = YES;
				CLANG_WARN_UNREACHABLE_CODE = YES;
				CLANG_WARN__DUPLICATE_METHOD_MATCH = YES;
				"CODE_SIGN_IDENTITY[sdk=iphoneos*]" = "iPhone Developer";
				COPY_PHASE_STRIP = NO;
				DEBUG_INFORMATION_FORMAT = "dwarf-with-dsym";
				ENABLE_NS_ASSERTIONS = NO;
				ENABLE_STRICT_OBJC_MSGSEND = YES;
				GCC_C_LANGUAGE_STANDARD = gnu99;
				GCC_NO_COMMON_BLOCKS = YES;
				GCC_WARN_64_TO_32_BIT_CONVERSION = YES;
				GCC_WARN_ABOUT_RETURN_TYPE = YES_ERROR;
				GCC_WARN_UNDECLARED_SELECTOR = YES;
				GCC_WARN_UNINITIALIZED_AUTOS = YES_AGGRESSIVE;
				GCC_WARN_UNUSED_FUNCTION = YES;
				GCC_WARN_UNUSED_VARIABLE = YES;
				IPHONEOS_DEPLOYMENT_TARGET = 10.3;
				MTL_ENABLE_DEBUG_INFO = NO;
				SDKROOT = iphoneos;
				SWIFT_OPTIMIZATION_LEVEL = "-Owholemodule";
				TARGETED_DEVICE_FAMILY = "1,2";
				VALIDATE_PRODUCT = YES;
			};
			name = Release;
		};
		3FB8DBB6218B1D770018145A /* Debug */ = {
			isa = XCBuildConfiguration;
			buildSettings = {
				ASSETCATALOG_COMPILER_APPICON_NAME = AppIcon;
				INFOPLIST_FILE = LifeChallenger/Info.plist;
				LD_RUNPATH_SEARCH_PATHS = "$(inherited) @executable_path/Frameworks";
				PRODUCT_BUNDLE_IDENTIFIER = com.hackatruck.LifeChallenger;
				PRODUCT_NAME = "$(TARGET_NAME)";
				SWIFT_VERSION = 3.0;
			};
			name = Debug;
		};
		3FB8DBB7218B1D770018145A /* Release */ = {
			isa = XCBuildConfiguration;
			buildSettings = {
				ASSETCATALOG_COMPILER_APPICON_NAME = AppIcon;
				INFOPLIST_FILE = LifeChallenger/Info.plist;
				LD_RUNPATH_SEARCH_PATHS = "$(inherited) @executable_path/Frameworks";
				PRODUCT_BUNDLE_IDENTIFIER = com.hackatruck.LifeChallenger;
				PRODUCT_NAME = "$(TARGET_NAME)";
				SWIFT_VERSION = 3.0;
			};
			name = Release;
		};
/* End XCBuildConfiguration section */

/* Begin XCConfigurationList section */
		3FB8DB9B218B1D770018145A /* Build configuration list for PBXProject "LifeChallenger" */ = {
			isa = XCConfigurationList;
			buildConfigurations = (
				3FB8DBB3218B1D770018145A /* Debug */,
				3FB8DBB4218B1D770018145A /* Release */,
			);
			defaultConfigurationIsVisible = 0;
			defaultConfigurationName = Release;
		};
		3FB8DBB5218B1D770018145A /* Build configuration list for PBXNativeTarget "LifeChallenger" */ = {
			isa = XCConfigurationList;
			buildConfigurations = (
				3FB8DBB6218B1D770018145A /* Debug */,
				3FB8DBB7218B1D770018145A /* Release */,
			);
			defaultConfigurationIsVisible = 0;
			defaultConfigurationName = Release;
		};
/* End XCConfigurationList section */

/* Begin XCVersionGroup section */
		3FB8DBAA218B1D770018145A /* LifeChallenger.xcdatamodeld */ = {
			isa = XCVersionGroup;
			children = (
				3FB8DBAB218B1D770018145A /* LifeChallenger.xcdatamodel */,
			);
			currentVersion = 3FB8DBAB218B1D770018145A /* LifeChallenger.xcdatamodel */;
			path = LifeChallenger.xcdatamodeld;
			sourceTree = "<group>";
			versionGroupType = wrapper.xcdatamodel;
		};
/* End XCVersionGroup section */
	};
	rootObject = 3FB8DB98218B1D770018145A /* Project object */;
}
